
Microsoft Visual Studio Solution File, Format Version 12.00
# Visual Studio 2013
VisualStudioVersion = 12.0.21005.1
MinimumVisualStudioVersion = 10.0.40219.1
Project("{2150E333-8FDC-42A3-9474-1A3956D46DE8}") = "TDD Case 1", "TDD Case 1", "{4740FB95-A486-4113-A0FF-0E228B9C3827}"
EndProject
Project("{FAE04EC0-301F-11D3-BF4B-00C04F79EFBC}") = "TDD Case 1", "TDD Case 1\TDD Case 1.csproj", "{77787462-02A8-4508-827E-6271C881CE81}"
EndProject
Project("{2150E333-8FDC-42A3-9474-1A3956D46DE8}") = ".nuget", ".nuget", "{582A6D37-64FF-491A-9BE7-F0E102BC41B2}"
	ProjectSection(SolutionItems) = preProject
		.nuget\packages.config = .nuget\packages.config
	EndProjectSection
EndProject
Project("{2150E333-8FDC-42A3-9474-1A3956D46DE8}") = "SunsetCalculator Library", "SunsetCalculator Library", "{B646D2ED-6DF9-4B4A-B35B-E9C33A7011BA}"
EndProject
Project("{FAE04EC0-301F-11D3-BF4B-00C04F79EFBC}") = "SunsetCalculator Library", "SunsetCalculator Library\SunsetCalculator Library.csproj", "{9AEAD546-771F-4113-AF28-A5BF973472FF}"
EndProject
Project("{2150E333-8FDC-42A3-9474-1A3956D46DE8}") = "BillingProcess Library", "BillingProcess Library", "{191A0CEE-E05D-4FCB-BA15-604EA536746B}"
EndProject
Project("{FAE04EC0-301F-11D3-BF4B-00C04F79EFBC}") = "DI.Coupled", "BillingProcess Library\DI.Coupled\DI.Coupled.csproj", "{5B6F18FA-04DC-41C9-A25A-ED81F0971A99}"
EndProject
Project("{FAE04EC0-301F-11D3-BF4B-00C04F79EFBC}") = "DI.Abstraction", "BillingProcess Library\DI.Abstraction\DI.Abstraction.csproj", "{925FB8E1-DA1D-4869-8866-008AB0A17044}"
EndProject
Project("{2150E333-8FDC-42A3-9474-1A3956D46DE8}") = "TDD Case 2", "TDD Case 2", "{1014B506-91B5-4205-9138-406439544344}"
EndProject
Project("{FAE04EC0-301F-11D3-BF4B-00C04F79EFBC}") = "TDD Case 1", "TDD Case 2\TDD Case 1.csproj", "{F8DDA6E8-BC47-4CCC-9EEE-84E48E667209}"
EndProject
Project("{2150E333-8FDC-42A3-9474-1A3956D46DE8}") = "TDD Case 3", "TDD Case 3", "{1C629140-54E4-42CD-B81D-C07E9A00F466}"
EndProject
Project("{FAE04EC0-301F-11D3-BF4B-00C04F79EFBC}") = "Container.IoC", "TDD Case 3\Container.IoC\Container.IoC.csproj", "{19EDC4AB-6E76-4B0A-8780-86163CC0367C}"
EndProject
Project("{FAE04EC0-301F-11D3-BF4B-00C04F79EFBC}") = "Container.IoCTests", "TDD Case 3\Container.IoCTests\Container.IoCTests.csproj", "{48B768D9-E502-4174-996C-C11C0A7B09FB}"
EndProject
Global
	GlobalSection(SolutionConfigurationPlatforms) = preSolution
		Debug|Any CPU = Debug|Any CPU
		Release|Any CPU = Release|Any CPU
	EndGlobalSection
	GlobalSection(ProjectConfigurationPlatforms) = postSolution
		{77787462-02A8-4508-827E-6271C881CE81}.Debug|Any CPU.ActiveCfg = Debug|Any CPU
		{77787462-02A8-4508-827E-6271C881CE81}.Debug|Any CPU.Build.0 = Debug|Any CPU
		{77787462-02A8-4508-827E-6271C881CE81}.Release|Any CPU.ActiveCfg = Release|Any CPU
		{77787462-02A8-4508-827E-6271C881CE81}.Release|Any CPU.Build.0 = Release|Any CPU
		{9AEAD546-771F-4113-AF28-A5BF973472FF}.Debug|Any CPU.ActiveCfg = Debug|Any CPU
		{9AEAD546-771F-4113-AF28-A5BF973472FF}.Debug|Any CPU.Build.0 = Debug|Any CPU
		{9AEAD546-771F-4113-AF28-A5BF973472FF}.Release|Any CPU.ActiveCfg = Release|Any CPU
		{9AEAD546-771F-4113-AF28-A5BF973472FF}.Release|Any CPU.Build.0 = Release|Any CPU
		{5B6F18FA-04DC-41C9-A25A-ED81F0971A99}.Debug|Any CPU.ActiveCfg = Debug|Any CPU
		{5B6F18FA-04DC-41C9-A25A-ED81F0971A99}.Debug|Any CPU.Build.0 = Debug|Any CPU
		{5B6F18FA-04DC-41C9-A25A-ED81F0971A99}.Release|Any CPU.ActiveCfg = Release|Any CPU
		{5B6F18FA-04DC-41C9-A25A-ED81F0971A99}.Release|Any CPU.Build.0 = Release|Any CPU
		{925FB8E1-DA1D-4869-8866-008AB0A17044}.Debug|Any CPU.ActiveCfg = Debug|Any CPU
		{925FB8E1-DA1D-4869-8866-008AB0A17044}.Debug|Any CPU.Build.0 = Debug|Any CPU
		{925FB8E1-DA1D-4869-8866-008AB0A17044}.Release|Any CPU.ActiveCfg = Release|Any CPU
		{925FB8E1-DA1D-4869-8866-008AB0A17044}.Release|Any CPU.Build.0 = Release|Any CPU
		{F8DDA6E8-BC47-4CCC-9EEE-84E48E667209}.Debug|Any CPU.ActiveCfg = Debug|Any CPU
		{F8DDA6E8-BC47-4CCC-9EEE-84E48E667209}.Debug|Any CPU.Build.0 = Debug|Any CPU
		{F8DDA6E8-BC47-4CCC-9EEE-84E48E667209}.Release|Any CPU.ActiveCfg = Release|Any CPU
		{F8DDA6E8-BC47-4CCC-9EEE-84E48E667209}.Release|Any CPU.Build.0 = Release|Any CPU
		{19EDC4AB-6E76-4B0A-8780-86163CC0367C}.Debug|Any CPU.ActiveCfg = Debug|Any CPU
		{19EDC4AB-6E76-4B0A-8780-86163CC0367C}.Debug|Any CPU.Build.0 = Debug|Any CPU
		{19EDC4AB-6E76-4B0A-8780-86163CC0367C}.Release|Any CPU.ActiveCfg = Release|Any CPU
		{19EDC4AB-6E76-4B0A-8780-86163CC0367C}.Release|Any CPU.Build.0 = Release|Any CPU
		{48B768D9-E502-4174-996C-C11C0A7B09FB}.Debug|Any CPU.ActiveCfg = Debug|Any CPU
		{48B768D9-E502-4174-996C-C11C0A7B09FB}.Debug|Any CPU.Build.0 = Debug|Any CPU
		{48B768D9-E502-4174-996C-C11C0A7B09FB}.Release|Any CPU.ActiveCfg = Release|Any CPU
		{48B768D9-E502-4174-996C-C11C0A7B09FB}.Release|Any CPU.Build.0 = Release|Any CPU
	EndGlobalSection
	GlobalSection(SolutionProperties) = preSolution
		HideSolutionNode = FALSE
	EndGlobalSection
	GlobalSection(NestedProjects) = preSolution
		{77787462-02A8-4508-827E-6271C881CE81} = {4740FB95-A486-4113-A0FF-0E228B9C3827}
		{9AEAD546-771F-4113-AF28-A5BF973472FF} = {B646D2ED-6DF9-4B4A-B35B-E9C33A7011BA}
		{5B6F18FA-04DC-41C9-A25A-ED81F0971A99} = {191A0CEE-E05D-4FCB-BA15-604EA536746B}
		{925FB8E1-DA1D-4869-8866-008AB0A17044} = {191A0CEE-E05D-4FCB-BA15-604EA536746B}
		{F8DDA6E8-BC47-4CCC-9EEE-84E48E667209} = {1014B506-91B5-4205-9138-406439544344}
		{19EDC4AB-6E76-4B0A-8780-86163CC0367C} = {1C629140-54E4-42CD-B81D-C07E9A00F466}
		{48B768D9-E502-4174-996C-C11C0A7B09FB} = {1C629140-54E4-42CD-B81D-C07E9A00F466}
	EndGlobalSection
EndGlobal
