
Microsoft Visual Studio Solution File, Format Version 12.00
# Visual Studio 2013
VisualStudioVersion = 12.0.21005.1
MinimumVisualStudioVersion = 10.0.40219.1
Project("{2150E333-8FDC-42A3-9474-1A3956D46DE8}") = "TDD Case 1", "TDD Case 1", "{4740FB95-A486-4113-A0FF-0E228B9C3827}"
EndProject
Project("{FAE04EC0-301F-11D3-BF4B-00C04F79EFBC}") = "TDD Case 1", "TDD Case 1\TDD Case 1.csproj", "{77787462-02A8-4508-827E-6271C881CE81}"
EndProject
Project("{2150E333-8FDC-42A3-9474-1A3956D46DE8}") = ".nuget", ".nuget", "{582A6D37-64FF-491A-9BE7-F0E102BC41B2}"
	ProjectSection(SolutionItems) = preProject
		.nuget\packages.config = .nuget\packages.config
	EndProjectSection
EndProject
Project("{2150E333-8FDC-42A3-9474-1A3956D46DE8}") = "SunsetCalculator Library", "SunsetCalculator Library", "{B646D2ED-6DF9-4B4A-B35B-E9C33A7011BA}"
EndProject
Project("{FAE04EC0-301F-11D3-BF4B-00C04F79EFBC}") = "SunsetCalculator Library", "SunsetCalculator Library\SunsetCalculator Library.csproj", "{9AEAD546-771F-4113-AF28-A5BF973472FF}"
EndProject
Global
	GlobalSection(SolutionConfigurationPlatforms) = preSolution
		Debug|Any CPU = Debug|Any CPU
		Release|Any CPU = Release|Any CPU
	EndGlobalSection
	GlobalSection(ProjectConfigurationPlatforms) = postSolution
		{77787462-02A8-4508-827E-6271C881CE81}.Debug|Any CPU.ActiveCfg = Debug|Any CPU
		{77787462-02A8-4508-827E-6271C881CE81}.Debug|Any CPU.Build.0 = Debug|Any CPU
		{77787462-02A8-4508-827E-6271C881CE81}.Release|Any CPU.ActiveCfg = Release|Any CPU
		{77787462-02A8-4508-827E-6271C881CE81}.Release|Any CPU.Build.0 = Release|Any CPU
		{9AEAD546-771F-4113-AF28-A5BF973472FF}.Debug|Any CPU.ActiveCfg = Debug|Any CPU
		{9AEAD546-771F-4113-AF28-A5BF973472FF}.Debug|Any CPU.Build.0 = Debug|Any CPU
		{9AEAD546-771F-4113-AF28-A5BF973472FF}.Release|Any CPU.ActiveCfg = Release|Any CPU
		{9AEAD546-771F-4113-AF28-A5BF973472FF}.Release|Any CPU.Build.0 = Release|Any CPU
	EndGlobalSection
	GlobalSection(SolutionProperties) = preSolution
		HideSolutionNode = FALSE
	EndGlobalSection
	GlobalSection(NestedProjects) = preSolution
		{77787462-02A8-4508-827E-6271C881CE81} = {4740FB95-A486-4113-A0FF-0E228B9C3827}
		{9AEAD546-771F-4113-AF28-A5BF973472FF} = {B646D2ED-6DF9-4B4A-B35B-E9C33A7011BA}
	EndGlobalSection
EndGlobal
